github.com/Sirupsen/logrus v0.11.5 h1:aIMrrsnipdTlAieMe7FC/iiuJ0+ELiXCT4YiVQiK9j8=
github.com/Sirupsen/logrus v0.11.5/go.mod h1:rmk17hk6i8ZSAJkSDa7nOxamrG+SP4P0mm+DAvExv4U=
github.com/cheggaaa/pb v1.0.13 h1:vSXdStIZ5JH9knGF+zbK1gpOJZPQ+CvU24ETBe7LyS0=
github.com/cheggaaa/pb v1.0.13/go.mod h1:pQciLPpbU0oxA0h+VJYYLxO+XeDQb5pZijXscXHm81s=
github.com/containerd/continuity v0.0.0-20190426062206-aaeac12a7ffc h1:TP+534wVlf61smEIq1nwLLAjQVEK2EADoW3CX9AuT+8=
github.com/containerd/continuity v0.0.0-20190426062206-aaeac12a7ffc/go.mod h1:GL3xCUCBDV3CZiTSEKksMWbLE66hEyuu9qyDOOqM47Y=
github.com/docker/go-units v0.3.2 h1:Kjm80apys7gTtfVmCvVY8gwu10uofaFSrmAKOVrtueE=
github.com/docker/go-units v0.3.2/go.mod h1:fgPhTUdO+D/Jk86RDLlptpiXQzgHJF7gydDDbaIK4Dk=
github.com/golang/protobuf v0.0.0-20170427213220-18c9bb326172 h1:ib1Vbb6/KliPKsRcZdmCUnFGP7/BcCWgW9+gR+sUQk0=
github.com/golang/protobuf v0.0.0-20170427213220-18c9bb326172/go.mod h1:6lQm79b+lXiMfvg/cZm0SGofjICqVBUtrP5yJMmIC1U=
github.com/hanwen/go-fuse v0.0.0-20170424203904-5404bf0e372d h1:06w1Xwq+3gQbm76tgdC8QL+2B6aBxSEMCRH73aSv+fw=
github.com/hanwen/go-fuse v0.0.0-20170424203904-5404bf0e372d/go.mod h1:4ZJ05v9yt5k/mcFkGvSPKJB5T8G/6nuumL63ZqlrPvI=
github.com/mattn/go-runewidth v0.0.2 h1:UnlwIPBGaTZfPQ6T1IGzPI0EkYAQmT9fAEJ/poFC63o=
github.com/mattn/go-runewidth v0.0.2/go.mod h1:LwmH8dsx7+W8Uxz3IHJYH5QSwggIsqBzpuz5H//U1FU=
github.com/opencontainers/go-digest v1.0.0-rc0 h1:YHPGfp+qlmg7loi376Jk5jNEgjgUUIdXGFsel8aFHnA=
github.com/opencontainers/go-digest v1.0.0-rc0/go.mod h1:cMLVZDEM3+U2I4VmLI6N8jQYUd2OVphdqWwCJHrFt2s=
github.com/opencontainers/image-spec v0.0.0-20170501194034-c87455c1b399 h1:sU4Mza5IE9ERvtzoCj7p4cOJcfQ2dgfbZQRJE17Ewxo=
github.com/opencontainers/image-spec v0.0.0-20170501194034-c87455c1b399/go.mod h1:BtxoFyWECRxE4U/7sNtV5W15zMzWCbyJoFRP3s7yZA0=
github.com/pkg/errors v0.8.0 h1:WdK/asTD0HN+q6hsWO3/vpuAkAr+tw6aNJNDFFf0+qw=
github.com/pkg/errors v0.8.0/go.mod h1:bwawxfHBFNV+L2hUp1rHADufV3IMtnDRdf1r5NINEl0=
github.com/spf13/cobra v0.0.0-20170501210834-69f86e6d5d7a h1:9OzjTlfCOEYy/+ivO76kJxif+t9vmOjlXZDL0cnxdvg=
github.com/spf13/cobra v0.0.0-20170501210834-69f86e6d5d7a/go.mod h1:1l0Ry5zgKvJasoi3XT1TypsSe7PqH0Sj9dhYf7v3XqQ=
github.com/spf13/pflag v0.0.0-20170427125145-f1d95a35e132 h1:Z9FpVnwd+lo1kp/Mf5kL1XW57L+Vcu/40wC3/aFGCHY=
github.com/spf13/pflag v0.0.0-20170427125145-f1d95a35e132/go.mod h1:DYY7MBk1bdzusC3SYhjObp+wFpr4gzcvqqNjLnInEg4=
github.com/stevvooe/continuity v0.0.0-20190426062206-aaeac12a7ffc h1:1GLiICsIP1hnDnXS8MFG17DyorbYXMTFipmAfAOrTKk=
github.com/stevvooe/continuity v0.0.0-20190426062206-aaeac12a7ffc/go.mod h1:AXZEju8Nky8hvQW5KS9REMxcmvWpBFJRqnhQ6W/7S6E=
golang.org/x/sys v0.0.0-20190606203320-7fc4e5ec1444 h1:/d2cWp6PSamH4jDPFLyO150psQdqvtoNX8Zjg3AQ31g=
golang.org/x/sys v0.0.0-20190606203320-7fc4e5ec1444/go.mod h1:h1NjWce9XRLGQEsW7wpKNCjG9DtNlClVuFLEZdDNbEs=
